
Microsoft Visual Studio Solution File, Format Version 12.00
# Visual Studio Version 17
VisualStudioVersion = 17.6.33829.357
MinimumVisualStudioVersion = 10.0.40219.1
Project("{FAE04EC0-301F-11D3-BF4B-00C04F79EFBC}") = "ICMLookup", "ICMLookup\ICMLookup.csproj", "{3148E3C2-74BB-4545-AD37-83E70D2E8C48}"
EndProject
Project("{FAE04EC0-301F-11D3-BF4B-00C04F79EFBC}") = "ICMLookupTestProject", "ICMLookupTestProject\ICMLookupTestProject.csproj", "{555A1F48-7122-4A87-B0AD-8A99CD7999C1}"
EndProject
Project("{FAE04EC0-301F-11D3-BF4B-00C04F79EFBC}") = "ICMLookupConsoleApp", "ICMLookupConsoleApp\ICMLookupConsoleApp.csproj", "{4F091E98-D7BA-46E7-8C70-BCD8CA843422}"
EndProject
Global
	GlobalSection(SolutionConfigurationPlatforms) = preSolution
		Debug|Any CPU = Debug|Any CPU
		Release|Any CPU = Release|Any CPU
	EndGlobalSection
	GlobalSection(ProjectConfigurationPlatforms) = postSolution
		{3148E3C2-74BB-4545-AD37-83E70D2E8C48}.Debug|Any CPU.ActiveCfg = Debug|Any CPU
		{3148E3C2-74BB-4545-AD37-83E70D2E8C48}.Debug|Any CPU.Build.0 = Debug|Any CPU
		{3148E3C2-74BB-4545-AD37-83E70D2E8C48}.Release|Any CPU.ActiveCfg = Release|Any CPU
		{3148E3C2-74BB-4545-AD37-83E70D2E8C48}.Release|Any CPU.Build.0 = Release|Any CPU
		{555A1F48-7122-4A87-B0AD-8A99CD7999C1}.Debug|Any CPU.ActiveCfg = Debug|Any CPU
		{555A1F48-7122-4A87-B0AD-8A99CD7999C1}.Debug|Any CPU.Build.0 = Debug|Any CPU
		{555A1F48-7122-4A87-B0AD-8A99CD7999C1}.Release|Any CPU.ActiveCfg = Release|Any CPU
		{555A1F48-7122-4A87-B0AD-8A99CD7999C1}.Release|Any CPU.Build.0 = Release|Any CPU
		{4F091E98-D7BA-46E7-8C70-BCD8CA843422}.Debug|Any CPU.ActiveCfg = Debug|Any CPU
		{4F091E98-D7BA-46E7-8C70-BCD8CA843422}.Debug|Any CPU.Build.0 = Debug|Any CPU
		{4F091E98-D7BA-46E7-8C70-BCD8CA843422}.Release|Any CPU.ActiveCfg = Release|Any CPU
		{4F091E98-D7BA-46E7-8C70-BCD8CA843422}.Release|Any CPU.Build.0 = Release|Any CPU
	EndGlobalSection
	GlobalSection(SolutionProperties) = preSolution
		HideSolutionNode = FALSE
	EndGlobalSection
	GlobalSection(ExtensibilityGlobals) = postSolution
		SolutionGuid = {091FAE90-C461-4D79-9510-CBEABA4E05D9}
	EndGlobalSection
EndGlobal
